// !$*UTF8*$!
{
	archiveVersion = 1;
	classes = {
	};
	objectVersion = 46;
	objects = {

/* Begin PBXBuildFile section */
		DCB3B4781F73825B00270DFF /* AppDelegate.swift in Sources */ = {isa = PBXBuildFile; fileRef = DCB3B4771F73825B00270DFF /* AppDelegate.swift */; };
		DCB3B47D1F73825B00270DFF /* Main.storyboard in Resources */ = {isa = PBXBuildFile; fileRef = DCB3B47B1F73825B00270DFF /* Main.storyboard */; };
		DCB3B47F1F73825B00270DFF /* Assets.xcassets in Resources */ = {isa = PBXBuildFile; fileRef = DCB3B47E1F73825B00270DFF /* Assets.xcassets */; };
		DCB3B4821F73825B00270DFF /* LaunchScreen.storyboard in Resources */ = {isa = PBXBuildFile; fileRef = DCB3B4801F73825B00270DFF /* LaunchScreen.storyboard */; };
		DCB3B48C1F7425AA00270DFF /* City.swift in Sources */ = {isa = PBXBuildFile; fileRef = DCB3B48B1F7425AA00270DFF /* City.swift */; };
		DCB3B48E1F74268700270DFF /* CityViewController.swift in Sources */ = {isa = PBXBuildFile; fileRef = DCB3B48D1F74268700270DFF /* CityViewController.swift */; };
		DCB3B4901F74357C00270DFF /* DetailedViewController.swift in Sources */ = {isa = PBXBuildFile; fileRef = DCB3B48F1F74357C00270DFF /* DetailedViewController.swift */; };
/* End PBXBuildFile section */

/* Begin PBXFileReference section */
		DCB3B4741F73825B00270DFF /* Assignment03.app */ = {isa = PBXFileReference; explicitFileType = wrapper.application; includeInIndex = 0; path = Assignment03.app; sourceTree = BUILT_PRODUCTS_DIR; };
		DCB3B4771F73825B00270DFF /* AppDelegate.swift */ = {isa = PBXFileReference; lastKnownFileType = sourcecode.swift; path = AppDelegate.swift; sourceTree = "<group>"; };
		DCB3B47C1F73825B00270DFF /* Base */ = {isa = PBXFileReference; lastKnownFileType = file.storyboard; name = Base; path = Base.lproj/Main.storyboard; sourceTree = "<group>"; };
		DCB3B47E1F73825B00270DFF /* Assets.xcassets */ = {isa = PBXFileReference; lastKnownFileType = folder.assetcatalog; path = Assets.xcassets; sourceTree = "<group>"; };
		DCB3B4811F73825B00270DFF /* Base */ = {isa = PBXFileReference; lastKnownFileType = file.storyboard; name = Base; path = Base.lproj/LaunchScreen.storyboard; sourceTree = "<group>"; };
		DCB3B4831F73825B00270DFF /* Info.plist */ = {isa = PBXFileReference; lastKnownFileType = text.plist.xml; path = Info.plist; sourceTree = "<group>"; };
		DCB3B48B1F7425AA00270DFF /* City.swift */ = {isa = PBXFileReference; fileEncoding = 4; lastKnownFileType = sourcecode.swift; path = City.swift; sourceTree = "<group>"; };
		DCB3B48D1F74268700270DFF /* CityViewController.swift */ = {isa = PBXFileReference; fileEncoding = 4; lastKnownFileType = sourcecode.swift; path = CityViewController.swift; sourceTree = "<group>"; };
		DCB3B48F1F74357C00270DFF /* DetailedViewController.swift */ = {isa = PBXFileReference; fileEncoding = 4; lastKnownFileType = sourcecode.swift; path = DetailedViewController.swift; sourceTree = "<group>"; };
/* End PBXFileReference section */

/* Begin PBXFrameworksBuildPhase section */
		DCB3B4711F73825B00270DFF /* Frameworks */ = {
			isa = PBXFrameworksBuildPhase;
			buildActionMask = 2147483647;
			files = (
			);
			runOnlyForDeploymentPostprocessing = 0;
		};
/* End PBXFrameworksBuildPhase section */

/* Begin PBXGroup section */
		DCB3B46B1F73825B00270DFF = {
			isa = PBXGroup;
			children = (
				DCB3B4761F73825B00270DFF /* Assignment03 */,
				DCB3B4751F73825B00270DFF /* Products */,
			);
			sourceTree = "<group>";
		};
		DCB3B4751F73825B00270DFF /* Products */ = {
			isa = PBXGroup;
			children = (
				DCB3B4741F73825B00270DFF /* Assignment03.app */,
			);
			name = Products;
			sourceTree = "<group>";
		};
		DCB3B4761F73825B00270DFF /* Assignment03 */ = {
			isa = PBXGroup;
			children = (
				DCB3B4771F73825B00270DFF /* AppDelegate.swift */,
				DCB3B47B1F73825B00270DFF /* Main.storyboard */,
				DCB3B47E1F73825B00270DFF /* Assets.xcassets */,
				DCB3B4801F73825B00270DFF /* LaunchScreen.storyboard */,
				DCB3B4831F73825B00270DFF /* Info.plist */,
				DCB3B48B1F7425AA00270DFF /* City.swift */,
				DCB3B48D1F74268700270DFF /* CityViewController.swift */,
				DCB3B48F1F74357C00270DFF /* DetailedViewController.swift */,
			);
			name = Assignment03;
			path = testTab;
			sourceTree = "<group>";
		};
/* End PBXGroup section */

/* Begin PBXNativeTarget section */
		DCB3B4731F73825B00270DFF /* Assignment03 */ = {
			isa = PBXNativeTarget;
			buildConfigurationList = DCB3B4861F73825B00270DFF /* Build configuration list for PBXNativeTarget "Assignment03" */;
			buildPhases = (
				DCB3B4701F73825B00270DFF /* Sources */,
				DCB3B4711F73825B00270DFF /* Frameworks */,
				DCB3B4721F73825B00270DFF /* Resources */,
			);
			buildRules = (
			);
			dependencies = (
			);
			name = Assignment03;
			productName = testTab;
			productReference = DCB3B4741F73825B00270DFF /* Assignment03.app */;
			productType = "com.apple.product-type.application";
		};
/* End PBXNativeTarget section */

/* Begin PBXProject section */
		DCB3B46C1F73825B00270DFF /* Project object */ = {
			isa = PBXProject;
			attributes = {
				LastSwiftUpdateCheck = 0830;
				LastUpgradeCheck = 0830;
				ORGANIZATIONNAME = "kaori hirata";
				TargetAttributes = {
					DCB3B4731F73825B00270DFF = {
						CreatedOnToolsVersion = 8.3.3;
						DevelopmentTeam = 5GEUY7T2XK;
						ProvisioningStyle = Automatic;
					};
				};
			};
			buildConfigurationList = DCB3B46F1F73825B00270DFF /* Build configuration list for PBXProject "Assignment03" */;
			compatibilityVersion = "Xcode 3.2";
			developmentRegion = English;
			hasScannedForEncodings = 0;
			knownRegions = (
				en,
				Base,
			);
			mainGroup = DCB3B46B1F73825B00270DFF;
			productRefGroup = DCB3B4751F73825B00270DFF /* Products */;
			projectDirPath = "";
			projectRoot = "";
			targets = (
				DCB3B4731F73825B00270DFF /* Assignment03 */,
			);
		};
/* End PBXProject section */

/* Begin PBXResourcesBuildPhase section */
		DCB3B4721F73825B00270DFF /* Resources */ = {
			isa = PBXResourcesBuildPhase;
			buildActionMask = 2147483647;
			files = (
				DCB3B4821F73825B00270DFF /* LaunchScreen.storyboard in Resources */,
				DCB3B47F1F73825B00270DFF /* Assets.xcassets in Resources */,
				DCB3B47D1F73825B00270DFF /* Main.storyboard in Resources */,
			);
			runOnlyForDeploymentPostprocessing = 0;
		};
/* End PBXResourcesBuildPhase section */

/* Begin PBXSourcesBuildPhase section */
		DCB3B4701F73825B00270DFF /* Sources */ = {
			isa = PBXSourcesBuildPhase;
			buildActionMask = 2147483647;
			files = (
				DCB3B4781F73825B00270DFF /* AppDelegate.swift in Sources */,
				DCB3B4901F74357C00270DFF /* DetailedViewController.swift in Sources */,
				DCB3B48C1F7425AA00270DFF /* City.swift in Sources */,
				DCB3B48E1F74268700270DFF /* CityViewController.swift in Sources */,
			);
			runOnlyForDeploymentPostprocessing = 0;
		};
/* End PBXSourcesBuildPhase section */

/* Begin PBXVariantGroup section */
		DCB3B47B1F73825B00270DFF /* Main.storyboard */ = {
			isa = PBXVariantGroup;
			children = (
				DCB3B47C1F73825B00270DFF /* Base */,
			);
			name = Main.storyboard;
			sourceTree = "<group>";
		};
		DCB3B4801F73825B00270DFF /* LaunchScreen.storyboard */ = {
			isa = PBXVariantGroup;
			children = (
				DCB3B4811F73825B00270DFF /* Base */,
			);
			name = LaunchScreen.storyboard;
			sourceTree = "<group>";
		};
/* End PBXVariantGroup section */

/* Begin XCBuildConfiguration section */
		DCB3B4841F73825B00270DFF /* Debug */ = {
			isa = XCBuildConfiguration;
			buildSettings = {
				ALWAYS_SEARCH_USER_PATHS = NO;
				CLANG_ANALYZER_NONNULL = YES;
				CLANG_ANALYZER_NUMBER_OBJECT_CONVERSION = YES_AGGRESSIVE;
				CLANG_CXX_LANGUAGE_STANDARD = "gnu++0x";
				CLANG_CXX_LIBRARY = "libc++";
				CLANG_ENABLE_MODULES = YES;
				CLANG_ENABLE_OBJC_ARC = YES;
				CLANG_WARN_BOOL_CONVERSION = YES;
				CLANG_WARN_CONSTANT_CONVERSION = YES;
				CLANG_WARN_DIRECT_OBJC_ISA_USAGE = YES_ERROR;
				CLANG_WARN_DOCUMENTATION_COMMENTS = YES;
				CLANG_WARN_EMPTY_BODY = YES;
				CLANG_WARN_ENUM_CONVERSION = YES;
				CLANG_WARN_INFINITE_RECURSION = YES;
				CLANG_WARN_INT_CONVERSION = YES;
				CLANG_WARN_OBJC_ROOT_CLASS = YES_ERROR;
				CLANG_WARN_SUSPICIOUS_MOVE = YES;
				CLANG_WARN_UNREACHABLE_CODE = YES;
				CLANG_WARN__DUPLICATE_METHOD_MATCH = YES;
				"CODE_SIGN_IDENTITY[sdk=iphoneos*]" = "iPhone Developer";
				COPY_PHASE_STRIP = NO;
				DEBUG_INFORMATION_FORMAT = dwarf;
				ENABLE_STRICT_OBJC_MSGSEND = YES;
				ENABLE_TESTABILITY = YES;
				GCC_C_LANGUAGE_STANDARD = gnu99;
				GCC_DYNAMIC_NO_PIC = NO;
				GCC_NO_COMMON_BLOCKS = YES;
				GCC_OPTIMIZATION_LEVEL = 0;
				GCC_PREPROCESSOR_DEFINITIONS = (
					"DEBUG=1",
					"$(inherited)",
				);
				GCC_WARN_64_TO_32_BIT_CONVERSION = YES;
				GCC_WARN_ABOUT_RETURN_TYPE = YES_ERROR;
				GCC_WARN_UNDECLARED_SELECTOR = YES;
				GCC_WARN_UNINITIALIZED_AUTOS = YES_AGGRESSIVE;
				GCC_WARN_UNUSED_FUNCTION = YES;
				GCC_WARN_UNUSED_VARIABLE = YES;
				IPHONEOS_DEPLOYMENT_TARGET = 10.3;
				MTL_ENABLE_DEBUG_INFO = YES;
				ONLY_ACTIVE_ARCH = YES;
				SDKROOT = iphoneos;
				SWIFT_ACTIVE_COMPILATION_CONDITIONS = DEBUG;
				SWIFT_OPTIMIZATION_LEVEL = "-Onone";
			};
			name = Debug;
		};
		DCB3B4851F73825B00270DFF /* Release */ = {
			isa = XCBuildConfiguration;
			buildSettings = {
				ALWAYS_SEARCH_USER_PATHS = NO;
				CLANG_ANALYZER_NONNULL = YES;
				CLANG_ANALYZER_NUMBER_OBJECT_CONVERSION = YES_AGGRESSIVE;
				CLANG_CXX_LANGUAGE_STANDARD = "gnu++0x";
				CLANG_CXX_LIBRARY = "libc++";
				CLANG_ENABLE_MODULES = YES;
				CLANG_ENABLE_OBJC_ARC = YES;
				CLANG_WARN_BOOL_CONVERSION = YES;
				CLANG_WARN_CONSTANT_CONVERSION = YES;
				CLANG_WARN_DIRECT_OBJC_ISA_USAGE = YES_ERROR;
				CLANG_WARN_DOCUMENTATION_COMMENTS = YES;
				CLANG_WARN_EMPTY_BODY = YES;
				CLANG_WARN_ENUM_CONVERSION = YES;
				CLANG_WARN_INFINITE_RECURSION = YES;
				CLANG_WARN_INT_CONVERSION = YES;
				CLANG_WARN_OBJC_ROOT_CLASS = YES_ERROR;
				CLANG_WARN_SUSPICIOUS_MOVE = YES;
				CLANG_WARN_UNREACHABLE_CODE = YES;
				CLANG_WARN__DUPLICATE_METHOD_MATCH = YES;
				"CODE_SIGN_IDENTITY[sdk=iphoneos*]" = "iPhone Developer";
				COPY_PHASE_STRIP = NO;
				DEBUG_INFORMATION_FORMAT = "dwarf-with-dsym";
				ENABLE_NS_ASSERTIONS = NO;
				ENABLE_STRICT_OBJC_MSGSEND = YES;
				GCC_C_LANGUAGE_STANDARD = gnu99;
				GCC_NO_COMMON_BLOCKS = YES;
				GCC_WARN_64_TO_32_BIT_CONVERSION = YES;
				GCC_WARN_ABOUT_RETURN_TYPE = YES_ERROR;
				GCC_WARN_UNDECLARED_SELECTOR = YES;
				GCC_WARN_UNINITIALIZED_AUTOS = YES_AGGRESSIVE;
				GCC_WARN_UNUSED_FUNCTION = YES;
				GCC_WARN_UNUSED_VARIABLE = YES;
				IPHONEOS_DEPLOYMENT_TARGET = 10.3;
				MTL_ENABLE_DEBUG_INFO = NO;
				SDKROOT = iphoneos;
				SWIFT_OPTIMIZATION_LEVEL = "-Owholemodule";
				VALIDATE_PRODUCT = YES;
			};
			name = Release;
		};
		DCB3B4871F73825B00270DFF /* Debug */ = {
			isa = XCBuildConfiguration;
			buildSettings = {
				ASSETCATALOG_COMPILER_APPICON_NAME = AppIcon;
				DEVELOPMENT_TEAM = 5GEUY7T2XK;
				INFOPLIST_FILE = testTab/Info.plist;
				LD_RUNPATH_SEARCH_PATHS = "$(inherited) @executable_path/Frameworks";
				PRODUCT_BUNDLE_IDENTIFIER = kaorihirata.testTab;
				PRODUCT_NAME = "$(TARGET_NAME)";
				SWIFT_VERSION = 3.0;
			};
			name = Debug;
		};
		DCB3B4881F73825B00270DFF /* Release */ = {
			isa = XCBuildConfiguration;
			buildSettings = {
				ASSETCATALOG_COMPILER_APPICON_NAME = AppIcon;
				DEVELOPMENT_TEAM = 5GEUY7T2XK;
				INFOPLIST_FILE = testTab/Info.plist;
				LD_RUNPATH_SEARCH_PATHS = "$(inherited) @executable_path/Frameworks";
				PRODUCT_BUNDLE_IDENTIFIER = kaorihirata.testTab;
				PRODUCT_NAME = "$(TARGET_NAME)";
				SWIFT_VERSION = 3.0;
			};
			name = Release;
		};
/* End XCBuildConfiguration section */

/* Begin XCConfigurationList section */
		DCB3B46F1F73825B00270DFF /* Build configuration list for PBXProject "Assignment03" */ = {
			isa = XCConfigurationList;
			buildConfigurations = (
				DCB3B4841F73825B00270DFF /* Debug */,
				DCB3B4851F73825B00270DFF /* Release */,
			);
			defaultConfigurationIsVisible = 0;
			defaultConfigurationName = Release;
		};
		DCB3B4861F73825B00270DFF /* Build configuration list for PBXNativeTarget "Assignment03" */ = {
			isa = XCConfigurationList;
			buildConfigurations = (
				DCB3B4871F73825B00270DFF /* Debug */,
				DCB3B4881F73825B00270DFF /* Release */,
			);
			defaultConfigurationIsVisible = 0;
			defaultConfigurationName = Release;
		};
/* End XCConfigurationList section */
	};
	rootObject = DCB3B46C1F73825B00270DFF /* Project object */;
}
