// !$*UTF8*$!
{
	archiveVersion = 1;
	classes = {
	};
	objectVersion = 48;
	objects = {

/* Begin PBXBuildFile section */
		DCB067CC1F8FE49D00DA274C /* AppDelegate.swift in Sources */ = {isa = PBXBuildFile; fileRef = DCB067CB1F8FE49D00DA274C /* AppDelegate.swift */; };
		DCB067CE1F8FE49D00DA274C /* ViewController.swift in Sources */ = {isa = PBXBuildFile; fileRef = DCB067CD1F8FE49D00DA274C /* ViewController.swift */; };
		DCB067D11F8FE49D00DA274C /* Main.storyboard in Resources */ = {isa = PBXBuildFile; fileRef = DCB067CF1F8FE49D00DA274C /* Main.storyboard */; };
		DCB067D31F8FE49D00DA274C /* Assets.xcassets in Resources */ = {isa = PBXBuildFile; fileRef = DCB067D21F8FE49D00DA274C /* Assets.xcassets */; };
		DCB067D61F8FE49D00DA274C /* LaunchScreen.storyboard in Resources */ = {isa = PBXBuildFile; fileRef = DCB067D41F8FE49D00DA274C /* LaunchScreen.storyboard */; };
/* End PBXBuildFile section */

/* Begin PBXFileReference section */
		DCB067C81F8FE49D00DA274C /* Assignment6(TipCalculator).app */ = {isa = PBXFileReference; explicitFileType = wrapper.application; includeInIndex = 0; path = "Assignment6(TipCalculator).app"; sourceTree = BUILT_PRODUCTS_DIR; };
		DCB067CB1F8FE49D00DA274C /* AppDelegate.swift */ = {isa = PBXFileReference; lastKnownFileType = sourcecode.swift; path = AppDelegate.swift; sourceTree = "<group>"; };
		DCB067CD1F8FE49D00DA274C /* ViewController.swift */ = {isa = PBXFileReference; lastKnownFileType = sourcecode.swift; path = ViewController.swift; sourceTree = "<group>"; };
		DCB067D01F8FE49D00DA274C /* Base */ = {isa = PBXFileReference; lastKnownFileType = file.storyboard; name = Base; path = Base.lproj/Main.storyboard; sourceTree = "<group>"; };
		DCB067D21F8FE49D00DA274C /* Assets.xcassets */ = {isa = PBXFileReference; lastKnownFileType = folder.assetcatalog; path = Assets.xcassets; sourceTree = "<group>"; };
		DCB067D51F8FE49D00DA274C /* Base */ = {isa = PBXFileReference; lastKnownFileType = file.storyboard; name = Base; path = Base.lproj/LaunchScreen.storyboard; sourceTree = "<group>"; };
		DCB067D71F8FE49D00DA274C /* Info.plist */ = {isa = PBXFileReference; lastKnownFileType = text.plist.xml; path = Info.plist; sourceTree = "<group>"; };
/* End PBXFileReference section */

/* Begin PBXFrameworksBuildPhase section */
		DCB067C51F8FE49D00DA274C /* Frameworks */ = {
			isa = PBXFrameworksBuildPhase;
			buildActionMask = 2147483647;
			files = (
			);
			runOnlyForDeploymentPostprocessing = 0;
		};
/* End PBXFrameworksBuildPhase section */

/* Begin PBXGroup section */
		DCB067BF1F8FE49D00DA274C = {
			isa = PBXGroup;
			children = (
				DCB067CA1F8FE49D00DA274C /* Assignment6(TipCalculator) */,
				DCB067C91F8FE49D00DA274C /* Products */,
			);
			sourceTree = "<group>";
		};
		DCB067C91F8FE49D00DA274C /* Products */ = {
			isa = PBXGroup;
			children = (
				DCB067C81F8FE49D00DA274C /* Assignment6(TipCalculator).app */,
			);
			name = Products;
			sourceTree = "<group>";
		};
		DCB067CA1F8FE49D00DA274C /* Assignment6(TipCalculator) */ = {
			isa = PBXGroup;
			children = (
				DCB067CB1F8FE49D00DA274C /* AppDelegate.swift */,
				DCB067CD1F8FE49D00DA274C /* ViewController.swift */,
				DCB067CF1F8FE49D00DA274C /* Main.storyboard */,
				DCB067D21F8FE49D00DA274C /* Assets.xcassets */,
				DCB067D41F8FE49D00DA274C /* LaunchScreen.storyboard */,
				DCB067D71F8FE49D00DA274C /* Info.plist */,
			);
			path = "Assignment6(TipCalculator)";
			sourceTree = "<group>";
		};
/* End PBXGroup section */

/* Begin PBXNativeTarget section */
		DCB067C71F8FE49D00DA274C /* Assignment6(TipCalculator) */ = {
			isa = PBXNativeTarget;
			buildConfigurationList = DCB067DA1F8FE49D00DA274C /* Build configuration list for PBXNativeTarget "Assignment6(TipCalculator)" */;
			buildPhases = (
				DCB067C41F8FE49D00DA274C /* Sources */,
				DCB067C51F8FE49D00DA274C /* Frameworks */,
				DCB067C61F8FE49D00DA274C /* Resources */,
			);
			buildRules = (
			);
			dependencies = (
			);
			name = "Assignment6(TipCalculator)";
			productName = "Assignment6(TipCalculator)";
			productReference = DCB067C81F8FE49D00DA274C /* Assignment6(TipCalculator).app */;
			productType = "com.apple.product-type.application";
		};
/* End PBXNativeTarget section */

/* Begin PBXProject section */
		DCB067C01F8FE49D00DA274C /* Project object */ = {
			isa = PBXProject;
			attributes = {
				LastSwiftUpdateCheck = 0900;
				LastUpgradeCheck = 0900;
				ORGANIZATIONNAME = "kaori hirata";
				TargetAttributes = {
					DCB067C71F8FE49D00DA274C = {
						CreatedOnToolsVersion = 9.0;
						ProvisioningStyle = Automatic;
					};
				};
			};
			buildConfigurationList = DCB067C31F8FE49D00DA274C /* Build configuration list for PBXProject "Assignment6(TipCalculator)" */;
			compatibilityVersion = "Xcode 8.0";
			developmentRegion = en;
			hasScannedForEncodings = 0;
			knownRegions = (
				en,
				Base,
			);
			mainGroup = DCB067BF1F8FE49D00DA274C;
			productRefGroup = DCB067C91F8FE49D00DA274C /* Products */;
			projectDirPath = "";
			projectRoot = "";
			targets = (
				DCB067C71F8FE49D00DA274C /* Assignment6(TipCalculator) */,
			);
		};
/* End PBXProject section */

/* Begin PBXResourcesBuildPhase section */
		DCB067C61F8FE49D00DA274C /* Resources */ = {
			isa = PBXResourcesBuildPhase;
			buildActionMask = 2147483647;
			files = (
				DCB067D61F8FE49D00DA274C /* LaunchScreen.storyboard in Resources */,
				DCB067D31F8FE49D00DA274C /* Assets.xcassets in Resources */,
				DCB067D11F8FE49D00DA274C /* Main.storyboard in Resources */,
			);
			runOnlyForDeploymentPostprocessing = 0;
		};
/* End PBXResourcesBuildPhase section */

/* Begin PBXSourcesBuildPhase section */
		DCB067C41F8FE49D00DA274C /* Sources */ = {
			isa = PBXSourcesBuildPhase;
			buildActionMask = 2147483647;
			files = (
				DCB067CE1F8FE49D00DA274C /* ViewController.swift in Sources */,
				DCB067CC1F8FE49D00DA274C /* AppDelegate.swift in Sources */,
			);
			runOnlyForDeploymentPostprocessing = 0;
		};
/* End PBXSourcesBuildPhase section */

/* Begin PBXVariantGroup section */
		DCB067CF1F8FE49D00DA274C /* Main.storyboard */ = {
			isa = PBXVariantGroup;
			children = (
				DCB067D01F8FE49D00DA274C /* Base */,
			);
			name = Main.storyboard;
			sourceTree = "<group>";
		};
		DCB067D41F8FE49D00DA274C /* LaunchScreen.storyboard */ = {
			isa = PBXVariantGroup;
			children = (
				DCB067D51F8FE49D00DA274C /* Base */,
			);
			name = LaunchScreen.storyboard;
			sourceTree = "<group>";
		};
/* End PBXVariantGroup section */

/* Begin XCBuildConfiguration section */
		DCB067D81F8FE49D00DA274C /* Debug */ = {
			isa = XCBuildConfiguration;
			buildSettings = {
				ALWAYS_SEARCH_USER_PATHS = NO;
				CLANG_ANALYZER_NONNULL = YES;
				CLANG_ANALYZER_NUMBER_OBJECT_CONVERSION = YES_AGGRESSIVE;
				CLANG_CXX_LANGUAGE_STANDARD = "gnu++14";
				CLANG_CXX_LIBRARY = "libc++";
				CLANG_ENABLE_MODULES = YES;
				CLANG_ENABLE_OBJC_ARC = YES;
				CLANG_WARN_BLOCK_CAPTURE_AUTORELEASING = YES;
				CLANG_WARN_BOOL_CONVERSION = YES;
				CLANG_WARN_COMMA = YES;
				CLANG_WARN_CONSTANT_CONVERSION = YES;
				CLANG_WARN_DIRECT_OBJC_ISA_USAGE = YES_ERROR;
				CLANG_WARN_DOCUMENTATION_COMMENTS = YES;
				CLANG_WARN_EMPTY_BODY = YES;
				CLANG_WARN_ENUM_CONVERSION = YES;
				CLANG_WARN_INFINITE_RECURSION = YES;
				CLANG_WARN_INT_CONVERSION = YES;
				CLANG_WARN_NON_LITERAL_NULL_CONVERSION = YES;
				CLANG_WARN_OBJC_LITERAL_CONVERSION = YES;
				CLANG_WARN_OBJC_ROOT_CLASS = YES_ERROR;
				CLANG_WARN_RANGE_LOOP_ANALYSIS = YES;
				CLANG_WARN_STRICT_PROTOTYPES = YES;
				CLANG_WARN_SUSPICIOUS_MOVE = YES;
				CLANG_WARN_UNGUARDED_AVAILABILITY = YES_AGGRESSIVE;
				CLANG_WARN_UNREACHABLE_CODE = YES;
				CLANG_WARN__DUPLICATE_METHOD_MATCH = YES;
				CODE_SIGN_IDENTITY = "iPhone Developer";
				COPY_PHASE_STRIP = NO;
				DEBUG_INFORMATION_FORMAT = dwarf;
				ENABLE_STRICT_OBJC_MSGSEND = YES;
				ENABLE_TESTABILITY = YES;
				GCC_C_LANGUAGE_STANDARD = gnu11;
				GCC_DYNAMIC_NO_PIC = NO;
				GCC_NO_COMMON_BLOCKS = YES;
				GCC_OPTIMIZATION_LEVEL = 0;
				GCC_PREPROCESSOR_DEFINITIONS = (
					"DEBUG=1",
					"$(inherited)",
				);
				GCC_WARN_64_TO_32_BIT_CONVERSION = YES;
				GCC_WARN_ABOUT_RETURN_TYPE = YES_ERROR;
				GCC_WARN_UNDECLARED_SELECTOR = YES;
				GCC_WARN_UNINITIALIZED_AUTOS = YES_AGGRESSIVE;
				GCC_WARN_UNUSED_FUNCTION = YES;
				GCC_WARN_UNUSED_VARIABLE = YES;
				IPHONEOS_DEPLOYMENT_TARGET = 11.0;
				MTL_ENABLE_DEBUG_INFO = YES;
				ONLY_ACTIVE_ARCH = YES;
				SDKROOT = iphoneos;
				SWIFT_ACTIVE_COMPILATION_CONDITIONS = DEBUG;
				SWIFT_OPTIMIZATION_LEVEL = "-Onone";
			};
			name = Debug;
		};
		DCB067D91F8FE49D00DA274C /* Release */ = {
			isa = XCBuildConfiguration;
			buildSettings = {
				ALWAYS_SEARCH_USER_PATHS = NO;
				CLANG_ANALYZER_NONNULL = YES;
				CLANG_ANALYZER_NUMBER_OBJECT_CONVERSION = YES_AGGRESSIVE;
				CLANG_CXX_LANGUAGE_STANDARD = "gnu++14";
				CLANG_CXX_LIBRARY = "libc++";
				CLANG_ENABLE_MODULES = YES;
				CLANG_ENABLE_OBJC_ARC = YES;
				CLANG_WARN_BLOCK_CAPTURE_AUTORELEASING = YES;
				CLANG_WARN_BOOL_CONVERSION = YES;
				CLANG_WARN_COMMA = YES;
				CLANG_WARN_CONSTANT_CONVERSION = YES;
				CLANG_WARN_DIRECT_OBJC_ISA_USAGE = YES_ERROR;
				CLANG_WARN_DOCUMENTATION_COMMENTS = YES;
				CLANG_WARN_EMPTY_BODY = YES;
				CLANG_WARN_ENUM_CONVERSION = YES;
				CLANG_WARN_INFINITE_RECURSION = YES;
				CLANG_WARN_INT_CONVERSION = YES;
				CLANG_WARN_NON_LITERAL_NULL_CONVERSION = YES;
				CLANG_WARN_OBJC_LITERAL_CONVERSION = YES;
				CLANG_WARN_OBJC_ROOT_CLASS = YES_ERROR;
				CLANG_WARN_RANGE_LOOP_ANALYSIS = YES;
				CLANG_WARN_STRICT_PROTOTYPES = YES;
				CLANG_WARN_SUSPICIOUS_MOVE = YES;
				CLANG_WARN_UNGUARDED_AVAILABILITY = YES_AGGRESSIVE;
				CLANG_WARN_UNREACHABLE_CODE = YES;
				CLANG_WARN__DUPLICATE_METHOD_MATCH = YES;
				CODE_SIGN_IDENTITY = "iPhone Developer";
				COPY_PHASE_STRIP = NO;
				DEBUG_INFORMATION_FORMAT = "dwarf-with-dsym";
				ENABLE_NS_ASSERTIONS = NO;
				ENABLE_STRICT_OBJC_MSGSEND = YES;
				GCC_C_LANGUAGE_STANDARD = gnu11;
				GCC_NO_COMMON_BLOCKS = YES;
				GCC_WARN_64_TO_32_BIT_CONVERSION = YES;
				GCC_WARN_ABOUT_RETURN_TYPE = YES_ERROR;
				GCC_WARN_UNDECLARED_SELECTOR = YES;
				GCC_WARN_UNINITIALIZED_AUTOS = YES_AGGRESSIVE;
				GCC_WARN_UNUSED_FUNCTION = YES;
				GCC_WARN_UNUSED_VARIABLE = YES;
				IPHONEOS_DEPLOYMENT_TARGET = 11.0;
				MTL_ENABLE_DEBUG_INFO = NO;
				SDKROOT = iphoneos;
				SWIFT_OPTIMIZATION_LEVEL = "-Owholemodule";
				VALIDATE_PRODUCT = YES;
			};
			name = Release;
		};
		DCB067DB1F8FE49D00DA274C /* Debug */ = {
			isa = XCBuildConfiguration;
			buildSettings = {
				ASSETCATALOG_COMPILER_APPICON_NAME = AppIcon;
				CODE_SIGN_STYLE = Automatic;
				DEVELOPMENT_TEAM = 5GEUY7T2XK;
				INFOPLIST_FILE = "Assignment6(TipCalculator)/Info.plist";
				LD_RUNPATH_SEARCH_PATHS = "$(inherited) @executable_path/Frameworks";
				PRODUCT_BUNDLE_IDENTIFIER = "kaorihirata.Assignment6-TipCalculator-";
				PRODUCT_NAME = "$(TARGET_NAME)";
				SWIFT_VERSION = 4.0;
				TARGETED_DEVICE_FAMILY = "1,2";
			};
			name = Debug;
		};
		DCB067DC1F8FE49D00DA274C /* Release */ = {
			isa = XCBuildConfiguration;
			buildSettings = {
				ASSETCATALOG_COMPILER_APPICON_NAME = AppIcon;
				CODE_SIGN_STYLE = Automatic;
				DEVELOPMENT_TEAM = 5GEUY7T2XK;
				INFOPLIST_FILE = "Assignment6(TipCalculator)/Info.plist";
				LD_RUNPATH_SEARCH_PATHS = "$(inherited) @executable_path/Frameworks";
				PRODUCT_BUNDLE_IDENTIFIER = "kaorihirata.Assignment6-TipCalculator-";
				PRODUCT_NAME = "$(TARGET_NAME)";
				SWIFT_VERSION = 4.0;
				TARGETED_DEVICE_FAMILY = "1,2";
			};
			name = Release;
		};
/* End XCBuildConfiguration section */

/* Begin XCConfigurationList section */
		DCB067C31F8FE49D00DA274C /* Build configuration list for PBXProject "Assignment6(TipCalculator)" */ = {
			isa = XCConfigurationList;
			buildConfigurations = (
				DCB067D81F8FE49D00DA274C /* Debug */,
				DCB067D91F8FE49D00DA274C /* Release */,
			);
			defaultConfigurationIsVisible = 0;
			defaultConfigurationName = Release;
		};
		DCB067DA1F8FE49D00DA274C /* Build configuration list for PBXNativeTarget "Assignment6(TipCalculator)" */ = {
			isa = XCConfigurationList;
			buildConfigurations = (
				DCB067DB1F8FE49D00DA274C /* Debug */,
				DCB067DC1F8FE49D00DA274C /* Release */,
			);
			defaultConfigurationIsVisible = 0;
			defaultConfigurationName = Release;
		};
/* End XCConfigurationList section */
	};
	rootObject = DCB067C01F8FE49D00DA274C /* Project object */;
}
