// !$*UTF8*$!
{
	archiveVersion = 1;
	classes = {
	};
	objectVersion = 48;
	objects = {

/* Begin PBXBuildFile section */
		4EFF8A0D1F87E21B00DB2EBF /* AppDelegate.swift in Sources */ = {isa = PBXBuildFile; fileRef = 4EFF8A0C1F87E21B00DB2EBF /* AppDelegate.swift */; };
		4EFF8A0F1F87E21B00DB2EBF /* ViewController.swift in Sources */ = {isa = PBXBuildFile; fileRef = 4EFF8A0E1F87E21B00DB2EBF /* ViewController.swift */; };
		4EFF8A121F87E21B00DB2EBF /* Main.storyboard in Resources */ = {isa = PBXBuildFile; fileRef = 4EFF8A101F87E21B00DB2EBF /* Main.storyboard */; };
		4EFF8A141F87E21B00DB2EBF /* Assets.xcassets in Resources */ = {isa = PBXBuildFile; fileRef = 4EFF8A131F87E21B00DB2EBF /* Assets.xcassets */; };
		4EFF8A171F87E21B00DB2EBF /* LaunchScreen.storyboard in Resources */ = {isa = PBXBuildFile; fileRef = 4EFF8A151F87E21B00DB2EBF /* LaunchScreen.storyboard */; };
/* End PBXBuildFile section */

/* Begin PBXFileReference section */
		4EFF8A091F87E21B00DB2EBF /* UserDefaultsDemo.app */ = {isa = PBXFileReference; explicitFileType = wrapper.application; includeInIndex = 0; path = UserDefaultsDemo.app; sourceTree = BUILT_PRODUCTS_DIR; };
		4EFF8A0C1F87E21B00DB2EBF /* AppDelegate.swift */ = {isa = PBXFileReference; lastKnownFileType = sourcecode.swift; path = AppDelegate.swift; sourceTree = "<group>"; };
		4EFF8A0E1F87E21B00DB2EBF /* ViewController.swift */ = {isa = PBXFileReference; lastKnownFileType = sourcecode.swift; path = ViewController.swift; sourceTree = "<group>"; };
		4EFF8A111F87E21B00DB2EBF /* Base */ = {isa = PBXFileReference; lastKnownFileType = file.storyboard; name = Base; path = Base.lproj/Main.storyboard; sourceTree = "<group>"; };
		4EFF8A131F87E21B00DB2EBF /* Assets.xcassets */ = {isa = PBXFileReference; lastKnownFileType = folder.assetcatalog; path = Assets.xcassets; sourceTree = "<group>"; };
		4EFF8A161F87E21B00DB2EBF /* Base */ = {isa = PBXFileReference; lastKnownFileType = file.storyboard; name = Base; path = Base.lproj/LaunchScreen.storyboard; sourceTree = "<group>"; };
		4EFF8A181F87E21B00DB2EBF /* Info.plist */ = {isa = PBXFileReference; lastKnownFileType = text.plist.xml; path = Info.plist; sourceTree = "<group>"; };
/* End PBXFileReference section */

/* Begin PBXFrameworksBuildPhase section */
		4EFF8A061F87E21B00DB2EBF /* Frameworks */ = {
			isa = PBXFrameworksBuildPhase;
			buildActionMask = 2147483647;
			files = (
			);
			runOnlyForDeploymentPostprocessing = 0;
		};
/* End PBXFrameworksBuildPhase section */

/* Begin PBXGroup section */
		4EFF8A001F87E21B00DB2EBF = {
			isa = PBXGroup;
			children = (
				4EFF8A0B1F87E21B00DB2EBF /* UserDefaultsDemo */,
				4EFF8A0A1F87E21B00DB2EBF /* Products */,
			);
			sourceTree = "<group>";
		};
		4EFF8A0A1F87E21B00DB2EBF /* Products */ = {
			isa = PBXGroup;
			children = (
				4EFF8A091F87E21B00DB2EBF /* UserDefaultsDemo.app */,
			);
			name = Products;
			sourceTree = "<group>";
		};
		4EFF8A0B1F87E21B00DB2EBF /* UserDefaultsDemo */ = {
			isa = PBXGroup;
			children = (
				4EFF8A0C1F87E21B00DB2EBF /* AppDelegate.swift */,
				4EFF8A0E1F87E21B00DB2EBF /* ViewController.swift */,
				4EFF8A101F87E21B00DB2EBF /* Main.storyboard */,
				4EFF8A131F87E21B00DB2EBF /* Assets.xcassets */,
				4EFF8A151F87E21B00DB2EBF /* LaunchScreen.storyboard */,
				4EFF8A181F87E21B00DB2EBF /* Info.plist */,
			);
			path = UserDefaultsDemo;
			sourceTree = "<group>";
		};
/* End PBXGroup section */

/* Begin PBXNativeTarget section */
		4EFF8A081F87E21B00DB2EBF /* UserDefaultsDemo */ = {
			isa = PBXNativeTarget;
			buildConfigurationList = 4EFF8A1B1F87E21B00DB2EBF /* Build configuration list for PBXNativeTarget "UserDefaultsDemo" */;
			buildPhases = (
				4EFF8A051F87E21B00DB2EBF /* Sources */,
				4EFF8A061F87E21B00DB2EBF /* Frameworks */,
				4EFF8A071F87E21B00DB2EBF /* Resources */,
			);
			buildRules = (
			);
			dependencies = (
			);
			name = UserDefaultsDemo;
			productName = UserDefaultsDemo;
			productReference = 4EFF8A091F87E21B00DB2EBF /* UserDefaultsDemo.app */;
			productType = "com.apple.product-type.application";
		};
/* End PBXNativeTarget section */

/* Begin PBXProject section */
		4EFF8A011F87E21B00DB2EBF /* Project object */ = {
			isa = PBXProject;
			attributes = {
				LastSwiftUpdateCheck = 0900;
				LastUpgradeCheck = 0900;
				ORGANIZATIONNAME = "Derrick Park";
				TargetAttributes = {
					4EFF8A081F87E21B00DB2EBF = {
						CreatedOnToolsVersion = 9.0;
						ProvisioningStyle = Automatic;
					};
				};
			};
			buildConfigurationList = 4EFF8A041F87E21B00DB2EBF /* Build configuration list for PBXProject "UserDefaultsDemo" */;
			compatibilityVersion = "Xcode 8.0";
			developmentRegion = en;
			hasScannedForEncodings = 0;
			knownRegions = (
				en,
				Base,
			);
			mainGroup = 4EFF8A001F87E21B00DB2EBF;
			productRefGroup = 4EFF8A0A1F87E21B00DB2EBF /* Products */;
			projectDirPath = "";
			projectRoot = "";
			targets = (
				4EFF8A081F87E21B00DB2EBF /* UserDefaultsDemo */,
			);
		};
/* End PBXProject section */

/* Begin PBXResourcesBuildPhase section */
		4EFF8A071F87E21B00DB2EBF /* Resources */ = {
			isa = PBXResourcesBuildPhase;
			buildActionMask = 2147483647;
			files = (
				4EFF8A171F87E21B00DB2EBF /* LaunchScreen.storyboard in Resources */,
				4EFF8A141F87E21B00DB2EBF /* Assets.xcassets in Resources */,
				4EFF8A121F87E21B00DB2EBF /* Main.storyboard in Resources */,
			);
			runOnlyForDeploymentPostprocessing = 0;
		};
/* End PBXResourcesBuildPhase section */

/* Begin PBXSourcesBuildPhase section */
		4EFF8A051F87E21B00DB2EBF /* Sources */ = {
			isa = PBXSourcesBuildPhase;
			buildActionMask = 2147483647;
			files = (
				4EFF8A0F1F87E21B00DB2EBF /* ViewController.swift in Sources */,
				4EFF8A0D1F87E21B00DB2EBF /* AppDelegate.swift in Sources */,
			);
			runOnlyForDeploymentPostprocessing = 0;
		};
/* End PBXSourcesBuildPhase section */

/* Begin PBXVariantGroup section */
		4EFF8A101F87E21B00DB2EBF /* Main.storyboard */ = {
			isa = PBXVariantGroup;
			children = (
				4EFF8A111F87E21B00DB2EBF /* Base */,
			);
			name = Main.storyboard;
			sourceTree = "<group>";
		};
		4EFF8A151F87E21B00DB2EBF /* LaunchScreen.storyboard */ = {
			isa = PBXVariantGroup;
			children = (
				4EFF8A161F87E21B00DB2EBF /* Base */,
			);
			name = LaunchScreen.storyboard;
			sourceTree = "<group>";
		};
/* End PBXVariantGroup section */

/* Begin XCBuildConfiguration section */
		4EFF8A191F87E21B00DB2EBF /* Debug */ = {
			isa = XCBuildConfiguration;
			buildSettings = {
				ALWAYS_SEARCH_USER_PATHS = NO;
				CLANG_ANALYZER_NONNULL = YES;
				CLANG_ANALYZER_NUMBER_OBJECT_CONVERSION = YES_AGGRESSIVE;
				CLANG_CXX_LANGUAGE_STANDARD = "gnu++14";
				CLANG_CXX_LIBRARY = "libc++";
				CLANG_ENABLE_MODULES = YES;
				CLANG_ENABLE_OBJC_ARC = YES;
				CLANG_WARN_BLOCK_CAPTURE_AUTORELEASING = YES;
				CLANG_WARN_BOOL_CONVERSION = YES;
				CLANG_WARN_COMMA = YES;
				CLANG_WARN_CONSTANT_CONVERSION = YES;
				CLANG_WARN_DIRECT_OBJC_ISA_USAGE = YES_ERROR;
				CLANG_WARN_DOCUMENTATION_COMMENTS = YES;
				CLANG_WARN_EMPTY_BODY = YES;
				CLANG_WARN_ENUM_CONVERSION = YES;
				CLANG_WARN_INFINITE_RECURSION = YES;
				CLANG_WARN_INT_CONVERSION = YES;
				CLANG_WARN_NON_LITERAL_NULL_CONVERSION = YES;
				CLANG_WARN_OBJC_LITERAL_CONVERSION = YES;
				CLANG_WARN_OBJC_ROOT_CLASS = YES_ERROR;
				CLANG_WARN_RANGE_LOOP_ANALYSIS = YES;
				CLANG_WARN_STRICT_PROTOTYPES = YES;
				CLANG_WARN_SUSPICIOUS_MOVE = YES;
				CLANG_WARN_UNGUARDED_AVAILABILITY = YES_AGGRESSIVE;
				CLANG_WARN_UNREACHABLE_CODE = YES;
				CLANG_WARN__DUPLICATE_METHOD_MATCH = YES;
				CODE_SIGN_IDENTITY = "iPhone Developer";
				COPY_PHASE_STRIP = NO;
				DEBUG_INFORMATION_FORMAT = dwarf;
				ENABLE_STRICT_OBJC_MSGSEND = YES;
				ENABLE_TESTABILITY = YES;
				GCC_C_LANGUAGE_STANDARD = gnu11;
				GCC_DYNAMIC_NO_PIC = NO;
				GCC_NO_COMMON_BLOCKS = YES;
				GCC_OPTIMIZATION_LEVEL = 0;
				GCC_PREPROCESSOR_DEFINITIONS = (
					"DEBUG=1",
					"$(inherited)",
				);
				GCC_WARN_64_TO_32_BIT_CONVERSION = YES;
				GCC_WARN_ABOUT_RETURN_TYPE = YES_ERROR;
				GCC_WARN_UNDECLARED_SELECTOR = YES;
				GCC_WARN_UNINITIALIZED_AUTOS = YES_AGGRESSIVE;
				GCC_WARN_UNUSED_FUNCTION = YES;
				GCC_WARN_UNUSED_VARIABLE = YES;
				IPHONEOS_DEPLOYMENT_TARGET = 11.0;
				MTL_ENABLE_DEBUG_INFO = YES;
				ONLY_ACTIVE_ARCH = YES;
				SDKROOT = iphoneos;
				SWIFT_ACTIVE_COMPILATION_CONDITIONS = DEBUG;
				SWIFT_OPTIMIZATION_LEVEL = "-Onone";
			};
			name = Debug;
		};
		4EFF8A1A1F87E21B00DB2EBF /* Release */ = {
			isa = XCBuildConfiguration;
			buildSettings = {
				ALWAYS_SEARCH_USER_PATHS = NO;
				CLANG_ANALYZER_NONNULL = YES;
				CLANG_ANALYZER_NUMBER_OBJECT_CONVERSION = YES_AGGRESSIVE;
				CLANG_CXX_LANGUAGE_STANDARD = "gnu++14";
				CLANG_CXX_LIBRARY = "libc++";
				CLANG_ENABLE_MODULES = YES;
				CLANG_ENABLE_OBJC_ARC = YES;
				CLANG_WARN_BLOCK_CAPTURE_AUTORELEASING = YES;
				CLANG_WARN_BOOL_CONVERSION = YES;
				CLANG_WARN_COMMA = YES;
				CLANG_WARN_CONSTANT_CONVERSION = YES;
				CLANG_WARN_DIRECT_OBJC_ISA_USAGE = YES_ERROR;
				CLANG_WARN_DOCUMENTATION_COMMENTS = YES;
				CLANG_WARN_EMPTY_BODY = YES;
				CLANG_WARN_ENUM_CONVERSION = YES;
				CLANG_WARN_INFINITE_RECURSION = YES;
				CLANG_WARN_INT_CONVERSION = YES;
				CLANG_WARN_NON_LITERAL_NULL_CONVERSION = YES;
				CLANG_WARN_OBJC_LITERAL_CONVERSION = YES;
				CLANG_WARN_OBJC_ROOT_CLASS = YES_ERROR;
				CLANG_WARN_RANGE_LOOP_ANALYSIS = YES;
				CLANG_WARN_STRICT_PROTOTYPES = YES;
				CLANG_WARN_SUSPICIOUS_MOVE = YES;
				CLANG_WARN_UNGUARDED_AVAILABILITY = YES_AGGRESSIVE;
				CLANG_WARN_UNREACHABLE_CODE = YES;
				CLANG_WARN__DUPLICATE_METHOD_MATCH = YES;
				CODE_SIGN_IDENTITY = "iPhone Developer";
				COPY_PHASE_STRIP = NO;
				DEBUG_INFORMATION_FORMAT = "dwarf-with-dsym";
				ENABLE_NS_ASSERTIONS = NO;
				ENABLE_STRICT_OBJC_MSGSEND = YES;
				GCC_C_LANGUAGE_STANDARD = gnu11;
				GCC_NO_COMMON_BLOCKS = YES;
				GCC_WARN_64_TO_32_BIT_CONVERSION = YES;
				GCC_WARN_ABOUT_RETURN_TYPE = YES_ERROR;
				GCC_WARN_UNDECLARED_SELECTOR = YES;
				GCC_WARN_UNINITIALIZED_AUTOS = YES_AGGRESSIVE;
				GCC_WARN_UNUSED_FUNCTION = YES;
				GCC_WARN_UNUSED_VARIABLE = YES;
				IPHONEOS_DEPLOYMENT_TARGET = 11.0;
				MTL_ENABLE_DEBUG_INFO = NO;
				SDKROOT = iphoneos;
				SWIFT_OPTIMIZATION_LEVEL = "-Owholemodule";
				VALIDATE_PRODUCT = YES;
			};
			name = Release;
		};
		4EFF8A1C1F87E21B00DB2EBF /* Debug */ = {
			isa = XCBuildConfiguration;
			buildSettings = {
				ASSETCATALOG_COMPILER_APPICON_NAME = AppIcon;
				CODE_SIGN_STYLE = Automatic;
				DEVELOPMENT_TEAM = 25222AKG24;
				INFOPLIST_FILE = UserDefaultsDemo/Info.plist;
				LD_RUNPATH_SEARCH_PATHS = "$(inherited) @executable_path/Frameworks";
				PRODUCT_BUNDLE_IDENTIFIER = com.dpapp.UserDefaultsDemo;
				PRODUCT_NAME = "$(TARGET_NAME)";
				SWIFT_VERSION = 4.0;
				TARGETED_DEVICE_FAMILY = "1,2";
			};
			name = Debug;
		};
		4EFF8A1D1F87E21B00DB2EBF /* Release */ = {
			isa = XCBuildConfiguration;
			buildSettings = {
				ASSETCATALOG_COMPILER_APPICON_NAME = AppIcon;
				CODE_SIGN_STYLE = Automatic;
				DEVELOPMENT_TEAM = 25222AKG24;
				INFOPLIST_FILE = UserDefaultsDemo/Info.plist;
				LD_RUNPATH_SEARCH_PATHS = "$(inherited) @executable_path/Frameworks";
				PRODUCT_BUNDLE_IDENTIFIER = com.dpapp.UserDefaultsDemo;
				PRODUCT_NAME = "$(TARGET_NAME)";
				SWIFT_VERSION = 4.0;
				TARGETED_DEVICE_FAMILY = "1,2";
			};
			name = Release;
		};
/* End XCBuildConfiguration section */

/* Begin XCConfigurationList section */
		4EFF8A041F87E21B00DB2EBF /* Build configuration list for PBXProject "UserDefaultsDemo" */ = {
			isa = XCConfigurationList;
			buildConfigurations = (
				4EFF8A191F87E21B00DB2EBF /* Debug */,
				4EFF8A1A1F87E21B00DB2EBF /* Release */,
			);
			defaultConfigurationIsVisible = 0;
			defaultConfigurationName = Release;
		};
		4EFF8A1B1F87E21B00DB2EBF /* Build configuration list for PBXNativeTarget "UserDefaultsDemo" */ = {
			isa = XCConfigurationList;
			buildConfigurations = (
				4EFF8A1C1F87E21B00DB2EBF /* Debug */,
				4EFF8A1D1F87E21B00DB2EBF /* Release */,
			);
			defaultConfigurationIsVisible = 0;
			defaultConfigurationName = Release;
		};
/* End XCConfigurationList section */
	};
	rootObject = 4EFF8A011F87E21B00DB2EBF /* Project object */;
}
