// !$*UTF8*$!
{
	archiveVersion = 1;
	classes = {
	};
	objectVersion = 46;
	objects = {

/* Begin PBXBuildFile section */
		DC2F73401F79F289005E928C /* AppDelegate.swift in Sources */ = {isa = PBXBuildFile; fileRef = DC2F733F1F79F289005E928C /* AppDelegate.swift */; };
		DC2F73421F79F289005E928C /* ViewController.swift in Sources */ = {isa = PBXBuildFile; fileRef = DC2F73411F79F289005E928C /* ViewController.swift */; };
		DC2F73451F79F289005E928C /* Main.storyboard in Resources */ = {isa = PBXBuildFile; fileRef = DC2F73431F79F289005E928C /* Main.storyboard */; };
		DC2F73471F79F289005E928C /* Assets.xcassets in Resources */ = {isa = PBXBuildFile; fileRef = DC2F73461F79F289005E928C /* Assets.xcassets */; };
		DC2F734A1F79F289005E928C /* LaunchScreen.storyboard in Resources */ = {isa = PBXBuildFile; fileRef = DC2F73481F79F289005E928C /* LaunchScreen.storyboard */; };
/* End PBXBuildFile section */

/* Begin PBXFileReference section */
		DC2F733C1F79F289005E928C /* tableview01.app */ = {isa = PBXFileReference; explicitFileType = wrapper.application; includeInIndex = 0; path = tableview01.app; sourceTree = BUILT_PRODUCTS_DIR; };
		DC2F733F1F79F289005E928C /* AppDelegate.swift */ = {isa = PBXFileReference; lastKnownFileType = sourcecode.swift; path = AppDelegate.swift; sourceTree = "<group>"; };
		DC2F73411F79F289005E928C /* ViewController.swift */ = {isa = PBXFileReference; lastKnownFileType = sourcecode.swift; path = ViewController.swift; sourceTree = "<group>"; };
		DC2F73441F79F289005E928C /* Base */ = {isa = PBXFileReference; lastKnownFileType = file.storyboard; name = Base; path = Base.lproj/Main.storyboard; sourceTree = "<group>"; };
		DC2F73461F79F289005E928C /* Assets.xcassets */ = {isa = PBXFileReference; lastKnownFileType = folder.assetcatalog; path = Assets.xcassets; sourceTree = "<group>"; };
		DC2F73491F79F289005E928C /* Base */ = {isa = PBXFileReference; lastKnownFileType = file.storyboard; name = Base; path = Base.lproj/LaunchScreen.storyboard; sourceTree = "<group>"; };
		DC2F734B1F79F289005E928C /* Info.plist */ = {isa = PBXFileReference; lastKnownFileType = text.plist.xml; path = Info.plist; sourceTree = "<group>"; };
/* End PBXFileReference section */

/* Begin PBXFrameworksBuildPhase section */
		DC2F73391F79F289005E928C /* Frameworks */ = {
			isa = PBXFrameworksBuildPhase;
			buildActionMask = 2147483647;
			files = (
			);
			runOnlyForDeploymentPostprocessing = 0;
		};
/* End PBXFrameworksBuildPhase section */

/* Begin PBXGroup section */
		DC2F73331F79F289005E928C = {
			isa = PBXGroup;
			children = (
				DC2F733E1F79F289005E928C /* tableview01 */,
				DC2F733D1F79F289005E928C /* Products */,
			);
			sourceTree = "<group>";
		};
		DC2F733D1F79F289005E928C /* Products */ = {
			isa = PBXGroup;
			children = (
				DC2F733C1F79F289005E928C /* tableview01.app */,
			);
			name = Products;
			sourceTree = "<group>";
		};
		DC2F733E1F79F289005E928C /* tableview01 */ = {
			isa = PBXGroup;
			children = (
				DC2F733F1F79F289005E928C /* AppDelegate.swift */,
				DC2F73411F79F289005E928C /* ViewController.swift */,
				DC2F73431F79F289005E928C /* Main.storyboard */,
				DC2F73461F79F289005E928C /* Assets.xcassets */,
				DC2F73481F79F289005E928C /* LaunchScreen.storyboard */,
				DC2F734B1F79F289005E928C /* Info.plist */,
			);
			path = tableview01;
			sourceTree = "<group>";
		};
/* End PBXGroup section */

/* Begin PBXNativeTarget section */
		DC2F733B1F79F289005E928C /* tableview01 */ = {
			isa = PBXNativeTarget;
			buildConfigurationList = DC2F734E1F79F289005E928C /* Build configuration list for PBXNativeTarget "tableview01" */;
			buildPhases = (
				DC2F73381F79F289005E928C /* Sources */,
				DC2F73391F79F289005E928C /* Frameworks */,
				DC2F733A1F79F289005E928C /* Resources */,
			);
			buildRules = (
			);
			dependencies = (
			);
			name = tableview01;
			productName = tableview01;
			productReference = DC2F733C1F79F289005E928C /* tableview01.app */;
			productType = "com.apple.product-type.application";
		};
/* End PBXNativeTarget section */

/* Begin PBXProject section */
		DC2F73341F79F289005E928C /* Project object */ = {
			isa = PBXProject;
			attributes = {
				LastSwiftUpdateCheck = 0830;
				LastUpgradeCheck = 0830;
				ORGANIZATIONNAME = "kaori hirata";
				TargetAttributes = {
					DC2F733B1F79F289005E928C = {
						CreatedOnToolsVersion = 8.3.3;
						DevelopmentTeam = 5GEUY7T2XK;
						ProvisioningStyle = Automatic;
					};
				};
			};
			buildConfigurationList = DC2F73371F79F289005E928C /* Build configuration list for PBXProject "tableview01" */;
			compatibilityVersion = "Xcode 3.2";
			developmentRegion = English;
			hasScannedForEncodings = 0;
			knownRegions = (
				en,
				Base,
			);
			mainGroup = DC2F73331F79F289005E928C;
			productRefGroup = DC2F733D1F79F289005E928C /* Products */;
			projectDirPath = "";
			projectRoot = "";
			targets = (
				DC2F733B1F79F289005E928C /* tableview01 */,
			);
		};
/* End PBXProject section */

/* Begin PBXResourcesBuildPhase section */
		DC2F733A1F79F289005E928C /* Resources */ = {
			isa = PBXResourcesBuildPhase;
			buildActionMask = 2147483647;
			files = (
				DC2F734A1F79F289005E928C /* LaunchScreen.storyboard in Resources */,
				DC2F73471F79F289005E928C /* Assets.xcassets in Resources */,
				DC2F73451F79F289005E928C /* Main.storyboard in Resources */,
			);
			runOnlyForDeploymentPostprocessing = 0;
		};
/* End PBXResourcesBuildPhase section */

/* Begin PBXSourcesBuildPhase section */
		DC2F73381F79F289005E928C /* Sources */ = {
			isa = PBXSourcesBuildPhase;
			buildActionMask = 2147483647;
			files = (
				DC2F73421F79F289005E928C /* ViewController.swift in Sources */,
				DC2F73401F79F289005E928C /* AppDelegate.swift in Sources */,
			);
			runOnlyForDeploymentPostprocessing = 0;
		};
/* End PBXSourcesBuildPhase section */

/* Begin PBXVariantGroup section */
		DC2F73431F79F289005E928C /* Main.storyboard */ = {
			isa = PBXVariantGroup;
			children = (
				DC2F73441F79F289005E928C /* Base */,
			);
			name = Main.storyboard;
			sourceTree = "<group>";
		};
		DC2F73481F79F289005E928C /* LaunchScreen.storyboard */ = {
			isa = PBXVariantGroup;
			children = (
				DC2F73491F79F289005E928C /* Base */,
			);
			name = LaunchScreen.storyboard;
			sourceTree = "<group>";
		};
/* End PBXVariantGroup section */

/* Begin XCBuildConfiguration section */
		DC2F734C1F79F289005E928C /* Debug */ = {
			isa = XCBuildConfiguration;
			buildSettings = {
				ALWAYS_SEARCH_USER_PATHS = NO;
				CLANG_ANALYZER_NONNULL = YES;
				CLANG_ANALYZER_NUMBER_OBJECT_CONVERSION = YES_AGGRESSIVE;
				CLANG_CXX_LANGUAGE_STANDARD = "gnu++0x";
				CLANG_CXX_LIBRARY = "libc++";
				CLANG_ENABLE_MODULES = YES;
				CLANG_ENABLE_OBJC_ARC = YES;
				CLANG_WARN_BOOL_CONVERSION = YES;
				CLANG_WARN_CONSTANT_CONVERSION = YES;
				CLANG_WARN_DIRECT_OBJC_ISA_USAGE = YES_ERROR;
				CLANG_WARN_DOCUMENTATION_COMMENTS = YES;
				CLANG_WARN_EMPTY_BODY = YES;
				CLANG_WARN_ENUM_CONVERSION = YES;
				CLANG_WARN_INFINITE_RECURSION = YES;
				CLANG_WARN_INT_CONVERSION = YES;
				CLANG_WARN_OBJC_ROOT_CLASS = YES_ERROR;
				CLANG_WARN_SUSPICIOUS_MOVE = YES;
				CLANG_WARN_UNREACHABLE_CODE = YES;
				CLANG_WARN__DUPLICATE_METHOD_MATCH = YES;
				"CODE_SIGN_IDENTITY[sdk=iphoneos*]" = "iPhone Developer";
				COPY_PHASE_STRIP = NO;
				DEBUG_INFORMATION_FORMAT = dwarf;
				ENABLE_STRICT_OBJC_MSGSEND = YES;
				ENABLE_TESTABILITY = YES;
				GCC_C_LANGUAGE_STANDARD = gnu99;
				GCC_DYNAMIC_NO_PIC = NO;
				GCC_NO_COMMON_BLOCKS = YES;
				GCC_OPTIMIZATION_LEVEL = 0;
				GCC_PREPROCESSOR_DEFINITIONS = (
					"DEBUG=1",
					"$(inherited)",
				);
				GCC_WARN_64_TO_32_BIT_CONVERSION = YES;
				GCC_WARN_ABOUT_RETURN_TYPE = YES_ERROR;
				GCC_WARN_UNDECLARED_SELECTOR = YES;
				GCC_WARN_UNINITIALIZED_AUTOS = YES_AGGRESSIVE;
				GCC_WARN_UNUSED_FUNCTION = YES;
				GCC_WARN_UNUSED_VARIABLE = YES;
				IPHONEOS_DEPLOYMENT_TARGET = 10.3;
				MTL_ENABLE_DEBUG_INFO = YES;
				ONLY_ACTIVE_ARCH = YES;
				SDKROOT = iphoneos;
				SWIFT_ACTIVE_COMPILATION_CONDITIONS = DEBUG;
				SWIFT_OPTIMIZATION_LEVEL = "-Onone";
			};
			name = Debug;
		};
		DC2F734D1F79F289005E928C /* Release */ = {
			isa = XCBuildConfiguration;
			buildSettings = {
				ALWAYS_SEARCH_USER_PATHS = NO;
				CLANG_ANALYZER_NONNULL = YES;
				CLANG_ANALYZER_NUMBER_OBJECT_CONVERSION = YES_AGGRESSIVE;
				CLANG_CXX_LANGUAGE_STANDARD = "gnu++0x";
				CLANG_CXX_LIBRARY = "libc++";
				CLANG_ENABLE_MODULES = YES;
				CLANG_ENABLE_OBJC_ARC = YES;
				CLANG_WARN_BOOL_CONVERSION = YES;
				CLANG_WARN_CONSTANT_CONVERSION = YES;
				CLANG_WARN_DIRECT_OBJC_ISA_USAGE = YES_ERROR;
				CLANG_WARN_DOCUMENTATION_COMMENTS = YES;
				CLANG_WARN_EMPTY_BODY = YES;
				CLANG_WARN_ENUM_CONVERSION = YES;
				CLANG_WARN_INFINITE_RECURSION = YES;
				CLANG_WARN_INT_CONVERSION = YES;
				CLANG_WARN_OBJC_ROOT_CLASS = YES_ERROR;
				CLANG_WARN_SUSPICIOUS_MOVE = YES;
				CLANG_WARN_UNREACHABLE_CODE = YES;
				CLANG_WARN__DUPLICATE_METHOD_MATCH = YES;
				"CODE_SIGN_IDENTITY[sdk=iphoneos*]" = "iPhone Developer";
				COPY_PHASE_STRIP = NO;
				DEBUG_INFORMATION_FORMAT = "dwarf-with-dsym";
				ENABLE_NS_ASSERTIONS = NO;
				ENABLE_STRICT_OBJC_MSGSEND = YES;
				GCC_C_LANGUAGE_STANDARD = gnu99;
				GCC_NO_COMMON_BLOCKS = YES;
				GCC_WARN_64_TO_32_BIT_CONVERSION = YES;
				GCC_WARN_ABOUT_RETURN_TYPE = YES_ERROR;
				GCC_WARN_UNDECLARED_SELECTOR = YES;
				GCC_WARN_UNINITIALIZED_AUTOS = YES_AGGRESSIVE;
				GCC_WARN_UNUSED_FUNCTION = YES;
				GCC_WARN_UNUSED_VARIABLE = YES;
				IPHONEOS_DEPLOYMENT_TARGET = 10.3;
				MTL_ENABLE_DEBUG_INFO = NO;
				SDKROOT = iphoneos;
				SWIFT_OPTIMIZATION_LEVEL = "-Owholemodule";
				VALIDATE_PRODUCT = YES;
			};
			name = Release;
		};
		DC2F734F1F79F289005E928C /* Debug */ = {
			isa = XCBuildConfiguration;
			buildSettings = {
				ASSETCATALOG_COMPILER_APPICON_NAME = AppIcon;
				DEVELOPMENT_TEAM = 5GEUY7T2XK;
				INFOPLIST_FILE = tableview01/Info.plist;
				LD_RUNPATH_SEARCH_PATHS = "$(inherited) @executable_path/Frameworks";
				PRODUCT_BUNDLE_IDENTIFIER = kaorihirata.tableview01;
				PRODUCT_NAME = "$(TARGET_NAME)";
				SWIFT_VERSION = 3.0;
			};
			name = Debug;
		};
		DC2F73501F79F289005E928C /* Release */ = {
			isa = XCBuildConfiguration;
			buildSettings = {
				ASSETCATALOG_COMPILER_APPICON_NAME = AppIcon;
				DEVELOPMENT_TEAM = 5GEUY7T2XK;
				INFOPLIST_FILE = tableview01/Info.plist;
				LD_RUNPATH_SEARCH_PATHS = "$(inherited) @executable_path/Frameworks";
				PRODUCT_BUNDLE_IDENTIFIER = kaorihirata.tableview01;
				PRODUCT_NAME = "$(TARGET_NAME)";
				SWIFT_VERSION = 3.0;
			};
			name = Release;
		};
/* End XCBuildConfiguration section */

/* Begin XCConfigurationList section */
		DC2F73371F79F289005E928C /* Build configuration list for PBXProject "tableview01" */ = {
			isa = XCConfigurationList;
			buildConfigurations = (
				DC2F734C1F79F289005E928C /* Debug */,
				DC2F734D1F79F289005E928C /* Release */,
			);
			defaultConfigurationIsVisible = 0;
			defaultConfigurationName = Release;
		};
		DC2F734E1F79F289005E928C /* Build configuration list for PBXNativeTarget "tableview01" */ = {
			isa = XCConfigurationList;
			buildConfigurations = (
				DC2F734F1F79F289005E928C /* Debug */,
				DC2F73501F79F289005E928C /* Release */,
			);
			defaultConfigurationIsVisible = 0;
		};
/* End XCConfigurationList section */
	};
	rootObject = DC2F73341F79F289005E928C /* Project object */;
}
