// !$*UTF8*$!
{
	archiveVersion = 1;
	classes = {
	};
	objectVersion = 46;
	objects = {

/* Begin PBXBuildFile section */
		DC2F731C1F798147005E928C /* AppDelegate.swift in Sources */ = {isa = PBXBuildFile; fileRef = DC2F731B1F798147005E928C /* AppDelegate.swift */; };
		DC2F731E1F798147005E928C /* ViewController.swift in Sources */ = {isa = PBXBuildFile; fileRef = DC2F731D1F798147005E928C /* ViewController.swift */; };
		DC2F73211F798147005E928C /* Main.storyboard in Resources */ = {isa = PBXBuildFile; fileRef = DC2F731F1F798147005E928C /* Main.storyboard */; };
		DC2F73231F798147005E928C /* Assets.xcassets in Resources */ = {isa = PBXBuildFile; fileRef = DC2F73221F798147005E928C /* Assets.xcassets */; };
		DC2F73261F798147005E928C /* LaunchScreen.storyboard in Resources */ = {isa = PBXBuildFile; fileRef = DC2F73241F798147005E928C /* LaunchScreen.storyboard */; };
		DC2F73301F7984D9005E928C /* CustomTableViewCell.swift in Sources */ = {isa = PBXBuildFile; fileRef = DC2F732F1F7984D9005E928C /* CustomTableViewCell.swift */; };
		DC2F73321F7994BA005E928C /* ScaryBug.swift in Sources */ = {isa = PBXBuildFile; fileRef = DC2F73311F7994BA005E928C /* ScaryBug.swift */; };
		DC2F73721F7B38CF005E928C /* Bugs.swift in Sources */ = {isa = PBXBuildFile; fileRef = DC2F73711F7B38CF005E928C /* Bugs.swift */; };
/* End PBXBuildFile section */

/* Begin PBXFileReference section */
		DC2F73181F798147005E928C /* tableView.app */ = {isa = PBXFileReference; explicitFileType = wrapper.application; includeInIndex = 0; path = tableView.app; sourceTree = BUILT_PRODUCTS_DIR; };
		DC2F731B1F798147005E928C /* AppDelegate.swift */ = {isa = PBXFileReference; lastKnownFileType = sourcecode.swift; path = AppDelegate.swift; sourceTree = "<group>"; };
		DC2F731D1F798147005E928C /* ViewController.swift */ = {isa = PBXFileReference; lastKnownFileType = sourcecode.swift; path = ViewController.swift; sourceTree = "<group>"; };
		DC2F73201F798147005E928C /* Base */ = {isa = PBXFileReference; lastKnownFileType = file.storyboard; name = Base; path = Base.lproj/Main.storyboard; sourceTree = "<group>"; };
		DC2F73221F798147005E928C /* Assets.xcassets */ = {isa = PBXFileReference; lastKnownFileType = folder.assetcatalog; path = Assets.xcassets; sourceTree = "<group>"; };
		DC2F73251F798147005E928C /* Base */ = {isa = PBXFileReference; lastKnownFileType = file.storyboard; name = Base; path = Base.lproj/LaunchScreen.storyboard; sourceTree = "<group>"; };
		DC2F73271F798147005E928C /* Info.plist */ = {isa = PBXFileReference; lastKnownFileType = text.plist.xml; path = Info.plist; sourceTree = "<group>"; };
		DC2F732F1F7984D9005E928C /* CustomTableViewCell.swift */ = {isa = PBXFileReference; fileEncoding = 4; lastKnownFileType = sourcecode.swift; path = CustomTableViewCell.swift; sourceTree = "<group>"; };
		DC2F73311F7994BA005E928C /* ScaryBug.swift */ = {isa = PBXFileReference; fileEncoding = 4; lastKnownFileType = sourcecode.swift; path = ScaryBug.swift; sourceTree = "<group>"; };
		DC2F73711F7B38CF005E928C /* Bugs.swift */ = {isa = PBXFileReference; fileEncoding = 4; lastKnownFileType = sourcecode.swift; path = Bugs.swift; sourceTree = "<group>"; };
/* End PBXFileReference section */

/* Begin PBXFrameworksBuildPhase section */
		DC2F73151F798147005E928C /* Frameworks */ = {
			isa = PBXFrameworksBuildPhase;
			buildActionMask = 2147483647;
			files = (
			);
			runOnlyForDeploymentPostprocessing = 0;
		};
/* End PBXFrameworksBuildPhase section */

/* Begin PBXGroup section */
		DC2F730F1F798146005E928C = {
			isa = PBXGroup;
			children = (
				DC2F731A1F798147005E928C /* tableView */,
				DC2F73191F798147005E928C /* Products */,
			);
			sourceTree = "<group>";
		};
		DC2F73191F798147005E928C /* Products */ = {
			isa = PBXGroup;
			children = (
				DC2F73181F798147005E928C /* tableView.app */,
			);
			name = Products;
			sourceTree = "<group>";
		};
		DC2F731A1F798147005E928C /* tableView */ = {
			isa = PBXGroup;
			children = (
				DC2F731B1F798147005E928C /* AppDelegate.swift */,
				DC2F731D1F798147005E928C /* ViewController.swift */,
				DC2F731F1F798147005E928C /* Main.storyboard */,
				DC2F732F1F7984D9005E928C /* CustomTableViewCell.swift */,
				DC2F73221F798147005E928C /* Assets.xcassets */,
				DC2F73241F798147005E928C /* LaunchScreen.storyboard */,
				DC2F73271F798147005E928C /* Info.plist */,
				DC2F73311F7994BA005E928C /* ScaryBug.swift */,
				DC2F73711F7B38CF005E928C /* Bugs.swift */,
			);
			path = tableView;
			sourceTree = "<group>";
		};
/* End PBXGroup section */

/* Begin PBXNativeTarget section */
		DC2F73171F798147005E928C /* tableView */ = {
			isa = PBXNativeTarget;
			buildConfigurationList = DC2F732A1F798147005E928C /* Build configuration list for PBXNativeTarget "tableView" */;
			buildPhases = (
				DC2F73141F798147005E928C /* Sources */,
				DC2F73151F798147005E928C /* Frameworks */,
				DC2F73161F798147005E928C /* Resources */,
			);
			buildRules = (
			);
			dependencies = (
			);
			name = tableView;
			productName = tableView;
			productReference = DC2F73181F798147005E928C /* tableView.app */;
			productType = "com.apple.product-type.application";
		};
/* End PBXNativeTarget section */

/* Begin PBXProject section */
		DC2F73101F798146005E928C /* Project object */ = {
			isa = PBXProject;
			attributes = {
				LastSwiftUpdateCheck = 0830;
				LastUpgradeCheck = 0830;
				ORGANIZATIONNAME = "kaori hirata";
				TargetAttributes = {
					DC2F73171F798147005E928C = {
						CreatedOnToolsVersion = 8.3.3;
						DevelopmentTeam = 5GEUY7T2XK;
						ProvisioningStyle = Automatic;
					};
				};
			};
			buildConfigurationList = DC2F73131F798146005E928C /* Build configuration list for PBXProject "tableView" */;
			compatibilityVersion = "Xcode 3.2";
			developmentRegion = English;
			hasScannedForEncodings = 0;
			knownRegions = (
				en,
				Base,
			);
			mainGroup = DC2F730F1F798146005E928C;
			productRefGroup = DC2F73191F798147005E928C /* Products */;
			projectDirPath = "";
			projectRoot = "";
			targets = (
				DC2F73171F798147005E928C /* tableView */,
			);
		};
/* End PBXProject section */

/* Begin PBXResourcesBuildPhase section */
		DC2F73161F798147005E928C /* Resources */ = {
			isa = PBXResourcesBuildPhase;
			buildActionMask = 2147483647;
			files = (
				DC2F73261F798147005E928C /* LaunchScreen.storyboard in Resources */,
				DC2F73231F798147005E928C /* Assets.xcassets in Resources */,
				DC2F73211F798147005E928C /* Main.storyboard in Resources */,
			);
			runOnlyForDeploymentPostprocessing = 0;
		};
/* End PBXResourcesBuildPhase section */

/* Begin PBXSourcesBuildPhase section */
		DC2F73141F798147005E928C /* Sources */ = {
			isa = PBXSourcesBuildPhase;
			buildActionMask = 2147483647;
			files = (
				DC2F731E1F798147005E928C /* ViewController.swift in Sources */,
				DC2F73321F7994BA005E928C /* ScaryBug.swift in Sources */,
				DC2F73301F7984D9005E928C /* CustomTableViewCell.swift in Sources */,
				DC2F731C1F798147005E928C /* AppDelegate.swift in Sources */,
				DC2F73721F7B38CF005E928C /* Bugs.swift in Sources */,
			);
			runOnlyForDeploymentPostprocessing = 0;
		};
/* End PBXSourcesBuildPhase section */

/* Begin PBXVariantGroup section */
		DC2F731F1F798147005E928C /* Main.storyboard */ = {
			isa = PBXVariantGroup;
			children = (
				DC2F73201F798147005E928C /* Base */,
			);
			name = Main.storyboard;
			sourceTree = "<group>";
		};
		DC2F73241F798147005E928C /* LaunchScreen.storyboard */ = {
			isa = PBXVariantGroup;
			children = (
				DC2F73251F798147005E928C /* Base */,
			);
			name = LaunchScreen.storyboard;
			sourceTree = "<group>";
		};
/* End PBXVariantGroup section */

/* Begin XCBuildConfiguration section */
		DC2F73281F798147005E928C /* Debug */ = {
			isa = XCBuildConfiguration;
			buildSettings = {
				ALWAYS_SEARCH_USER_PATHS = NO;
				CLANG_ANALYZER_NONNULL = YES;
				CLANG_ANALYZER_NUMBER_OBJECT_CONVERSION = YES_AGGRESSIVE;
				CLANG_CXX_LANGUAGE_STANDARD = "gnu++0x";
				CLANG_CXX_LIBRARY = "libc++";
				CLANG_ENABLE_MODULES = YES;
				CLANG_ENABLE_OBJC_ARC = YES;
				CLANG_WARN_BOOL_CONVERSION = YES;
				CLANG_WARN_CONSTANT_CONVERSION = YES;
				CLANG_WARN_DIRECT_OBJC_ISA_USAGE = YES_ERROR;
				CLANG_WARN_DOCUMENTATION_COMMENTS = YES;
				CLANG_WARN_EMPTY_BODY = YES;
				CLANG_WARN_ENUM_CONVERSION = YES;
				CLANG_WARN_INFINITE_RECURSION = YES;
				CLANG_WARN_INT_CONVERSION = YES;
				CLANG_WARN_OBJC_ROOT_CLASS = YES_ERROR;
				CLANG_WARN_SUSPICIOUS_MOVE = YES;
				CLANG_WARN_UNREACHABLE_CODE = YES;
				CLANG_WARN__DUPLICATE_METHOD_MATCH = YES;
				"CODE_SIGN_IDENTITY[sdk=iphoneos*]" = "iPhone Developer";
				COPY_PHASE_STRIP = NO;
				DEBUG_INFORMATION_FORMAT = dwarf;
				ENABLE_STRICT_OBJC_MSGSEND = YES;
				ENABLE_TESTABILITY = YES;
				GCC_C_LANGUAGE_STANDARD = gnu99;
				GCC_DYNAMIC_NO_PIC = NO;
				GCC_NO_COMMON_BLOCKS = YES;
				GCC_OPTIMIZATION_LEVEL = 0;
				GCC_PREPROCESSOR_DEFINITIONS = (
					"DEBUG=1",
					"$(inherited)",
				);
				GCC_WARN_64_TO_32_BIT_CONVERSION = YES;
				GCC_WARN_ABOUT_RETURN_TYPE = YES_ERROR;
				GCC_WARN_UNDECLARED_SELECTOR = YES;
				GCC_WARN_UNINITIALIZED_AUTOS = YES_AGGRESSIVE;
				GCC_WARN_UNUSED_FUNCTION = YES;
				GCC_WARN_UNUSED_VARIABLE = YES;
				IPHONEOS_DEPLOYMENT_TARGET = 10.3;
				MTL_ENABLE_DEBUG_INFO = YES;
				ONLY_ACTIVE_ARCH = YES;
				SDKROOT = iphoneos;
				SWIFT_ACTIVE_COMPILATION_CONDITIONS = DEBUG;
				SWIFT_OPTIMIZATION_LEVEL = "-Onone";
			};
			name = Debug;
		};
		DC2F73291F798147005E928C /* Release */ = {
			isa = XCBuildConfiguration;
			buildSettings = {
				ALWAYS_SEARCH_USER_PATHS = NO;
				CLANG_ANALYZER_NONNULL = YES;
				CLANG_ANALYZER_NUMBER_OBJECT_CONVERSION = YES_AGGRESSIVE;
				CLANG_CXX_LANGUAGE_STANDARD = "gnu++0x";
				CLANG_CXX_LIBRARY = "libc++";
				CLANG_ENABLE_MODULES = YES;
				CLANG_ENABLE_OBJC_ARC = YES;
				CLANG_WARN_BOOL_CONVERSION = YES;
				CLANG_WARN_CONSTANT_CONVERSION = YES;
				CLANG_WARN_DIRECT_OBJC_ISA_USAGE = YES_ERROR;
				CLANG_WARN_DOCUMENTATION_COMMENTS = YES;
				CLANG_WARN_EMPTY_BODY = YES;
				CLANG_WARN_ENUM_CONVERSION = YES;
				CLANG_WARN_INFINITE_RECURSION = YES;
				CLANG_WARN_INT_CONVERSION = YES;
				CLANG_WARN_OBJC_ROOT_CLASS = YES_ERROR;
				CLANG_WARN_SUSPICIOUS_MOVE = YES;
				CLANG_WARN_UNREACHABLE_CODE = YES;
				CLANG_WARN__DUPLICATE_METHOD_MATCH = YES;
				"CODE_SIGN_IDENTITY[sdk=iphoneos*]" = "iPhone Developer";
				COPY_PHASE_STRIP = NO;
				DEBUG_INFORMATION_FORMAT = "dwarf-with-dsym";
				ENABLE_NS_ASSERTIONS = NO;
				ENABLE_STRICT_OBJC_MSGSEND = YES;
				GCC_C_LANGUAGE_STANDARD = gnu99;
				GCC_NO_COMMON_BLOCKS = YES;
				GCC_WARN_64_TO_32_BIT_CONVERSION = YES;
				GCC_WARN_ABOUT_RETURN_TYPE = YES_ERROR;
				GCC_WARN_UNDECLARED_SELECTOR = YES;
				GCC_WARN_UNINITIALIZED_AUTOS = YES_AGGRESSIVE;
				GCC_WARN_UNUSED_FUNCTION = YES;
				GCC_WARN_UNUSED_VARIABLE = YES;
				IPHONEOS_DEPLOYMENT_TARGET = 10.3;
				MTL_ENABLE_DEBUG_INFO = NO;
				SDKROOT = iphoneos;
				SWIFT_OPTIMIZATION_LEVEL = "-Owholemodule";
				VALIDATE_PRODUCT = YES;
			};
			name = Release;
		};
		DC2F732B1F798147005E928C /* Debug */ = {
			isa = XCBuildConfiguration;
			buildSettings = {
				ASSETCATALOG_COMPILER_APPICON_NAME = AppIcon;
				DEVELOPMENT_TEAM = 5GEUY7T2XK;
				INFOPLIST_FILE = tableView/Info.plist;
				LD_RUNPATH_SEARCH_PATHS = "$(inherited) @executable_path/Frameworks";
				PRODUCT_BUNDLE_IDENTIFIER = kaorihirata.tableView;
				PRODUCT_NAME = "$(TARGET_NAME)";
				SWIFT_VERSION = 3.0;
			};
			name = Debug;
		};
		DC2F732C1F798147005E928C /* Release */ = {
			isa = XCBuildConfiguration;
			buildSettings = {
				ASSETCATALOG_COMPILER_APPICON_NAME = AppIcon;
				DEVELOPMENT_TEAM = 5GEUY7T2XK;
				INFOPLIST_FILE = tableView/Info.plist;
				LD_RUNPATH_SEARCH_PATHS = "$(inherited) @executable_path/Frameworks";
				PRODUCT_BUNDLE_IDENTIFIER = kaorihirata.tableView;
				PRODUCT_NAME = "$(TARGET_NAME)";
				SWIFT_VERSION = 3.0;
			};
			name = Release;
		};
/* End XCBuildConfiguration section */

/* Begin XCConfigurationList section */
		DC2F73131F798146005E928C /* Build configuration list for PBXProject "tableView" */ = {
			isa = XCConfigurationList;
			buildConfigurations = (
				DC2F73281F798147005E928C /* Debug */,
				DC2F73291F798147005E928C /* Release */,
			);
			defaultConfigurationIsVisible = 0;
			defaultConfigurationName = Release;
		};
		DC2F732A1F798147005E928C /* Build configuration list for PBXNativeTarget "tableView" */ = {
			isa = XCConfigurationList;
			buildConfigurations = (
				DC2F732B1F798147005E928C /* Debug */,
				DC2F732C1F798147005E928C /* Release */,
			);
			defaultConfigurationIsVisible = 0;
			defaultConfigurationName = Release;
		};
/* End XCConfigurationList section */
	};
	rootObject = DC2F73101F798146005E928C /* Project object */;
}
